
Microsoft Visual Studio Solution File, Format Version 11.00
# Visual Studio 2010
Project("{FAE04EC0-301F-11D3-BF4B-00C04F79EFBC}") = "EjemploDeManejoSyncFramework", "EjemploDeManejoSyncFramework.csproj", "{E0F6A39B-A0E2-4677-99CC-FD505BB71515}"
EndProject
Global
	GlobalSection(SolutionConfigurationPlatforms) = preSolution
		Debug|x86 = Debug|x86
		Release|x86 = Release|x86
	EndGlobalSection
	GlobalSection(ProjectConfigurationPlatforms) = postSolution
		{E0F6A39B-A0E2-4677-99CC-FD505BB71515}.Debug|x86.ActiveCfg = Debug|x86
		{E0F6A39B-A0E2-4677-99CC-FD505BB71515}.Debug|x86.Build.0 = Debug|x86
		{E0F6A39B-A0E2-4677-99CC-FD505BB71515}.Release|x86.ActiveCfg = Release|x86
		{E0F6A39B-A0E2-4677-99CC-FD505BB71515}.Release|x86.Build.0 = Release|x86
	EndGlobalSection
	GlobalSection(SolutionProperties) = preSolution
		HideSolutionNode = FALSE
	EndGlobalSection
EndGlobal
